github.com/Acconut/go-httptest-recorder v1.0.0 h1:TAv2dfnqp/l+SUvIaMAUK4GeN4+wqb6KZsFFFTGhoJg=
github.com/Acconut/go-httptest-recorder v1.0.0/go.mod h1:CwQyhTH1kq/gLyWiRieo7c0uokpu3PXeyF/nZjUNtmM=
github.com/bdragon300/tusgo v0.1.2 h1:7h+1AkTEhudhRgHtPSHWWdJeXK7ZrGWH91IWOKLw8D8=
github.com/bdragon300/tusgo v0.1.2/go.mod h1:C+JEnr9Mg5aMyd9hCQx6y8DGzbf2gXd3tF6c3Ft7IIw=
github.com/davecgh/go-spew v1.1.1 h1:vj9j/u1bqnvCEfJOwUhtlOARqs3+rkHYY13jYWTU97c=
github.com/davecgh/go-spew v1.1.1/go.mod h1:J7Y8YcW2NihsgmVo/mv3lAwl/skON4iLHjSsI+c5H38=
github.com/golang/mock v1.6.0 h1:ErTB+efbowRARo13NNdxyJji2egdxLGQhRaY+DUumQc=
github.com/golang/mock v1.6.0/go.mod h1:p6yTPP+5HYm5mzsMV8JkE6ZKdX+/wYM6Hr+LicevLPs=
github.com/pmezard/go-difflib v1.0.0 h1:4DBwDE0NGyQoBHbLQYPwSUPoCMWR5BEzIk/f1lZbAQM=
github.com/pmezard/go-difflib v1.0.0/go.mod h1:iKH77koFhYxTK1pcRnkKkqfTogsbg7gZNVY4sRDYZ/4=
github.com/stretchr/testify v1.10.0 h1:Xv5erBjTwe/5IxqUQTdXv5kgmIvbHo3QQyRwhJsOfJA=
github.com/stretchr/testify v1.10.0/go.mod h1:r2ic/lqez/lEtzL7wO/rwa5dbSLXVDPFyf8C91i36aY=
github.com/tus/lockfile v1.2.0 h1:92dMoNyeb5zaNi8eQ79WLqt/npUWUFkaM5ZM9kOMIDM=
github.com/tus/lockfile v1.2.0/go.mod h1:JyfWCHNyfd7eGxudGohrkt38kuKRki6L0JH82p2e+mc=
github.com/tus/tusd/v2 v2.8.0 h1:X2jGxQ05jAW4inDd2ogmOKqwnb4c/D0lw2yhgHayWyU=
github.com/tus/tusd/v2 v2.8.0/go.mod h1:3/zEOVQQIwmJhvNam8phV4x/UQt68ZmZiTzeuJUNhVo=
golang.org/x/exp v0.0.0-20250106191152-7588d65b2ba8 h1:yqrTHse8TCMW1M1ZCP+VAR/l0kKxwaAIqN/il7x4voA=
golang.org/x/exp v0.0.0-20250106191152-7588d65b2ba8/go.mod h1:tujkw807nyEEAamNbDrEGzRav+ilXA7PCRAd6xsmwiU=
golang.org/x/net v0.38.0 h1:vRMAPTMaeGqVhG5QyLJHqNDwecKTomGeqbnfZyKlBI8=
golang.org/x/net v0.38.0/go.mod h1:ivrbrMbzFq5J41QOQh0siUuly180yBYtLp+CKbEaFx8=
golang.org/x/text v0.23.0 h1:D71I7dUrlY+VX0gQShAThNGHFxZ13dGLBHQLVl1mJlY=
golang.org/x/text v0.23.0/go.mod h1:/BLNzu4aZCJ1+kcD0DNRotWKage4q2rGVAg4o22unh4=
gopkg.in/yaml.v3 v3.0.1 h1:fxVm/GzAzEWqLHuvctI91KS9hhNmmWOoWu0XTYJS7CA=
gopkg.in/yaml.v3 v3.0.1/go.mod h1:K4uyk7z7BCEPqu6E+C64Yfv1cQ7kz7rIZviUmN+EgEM=
